
Microsoft Visual Studio Solution File, Format Version 12.00
# Visual Studio Version 17
VisualStudioVersion = 17.8.34004.107
MinimumVisualStudioVersion = 10.0.40219.1
Project("{9A19103F-16F7-4668-BE54-9A1E7A4F7556}") = "DataEntities", "DataEntities\DataEntities.csproj", "{E42C986A-98CA-4FBC-9F9F-88F8C7CB1603}"
EndProject
Project("{9A19103F-16F7-4668-BE54-9A1E7A4F7556}") = "Products", "Products\Products.csproj", "{3366FB0E-CCF3-4620-924E-F2DA34BC00F8}"
EndProject
Project("{9A19103F-16F7-4668-BE54-9A1E7A4F7556}") = "Store", "Store\Store.csproj", "{2E156904-6754-43F5-8B27-9B9D6479D9FC}"
EndProject
Project("{9A19103F-16F7-4668-BE54-9A1E7A4F7556}") = "SearchEntities", "SearchEntities\SearchEntities.csproj", "{E36BFFF1-7E14-4F99-A92E-703FB1962523}"
EndProject
Project("{2150E333-8FDC-42A3-9474-1A3956D46DE8}") = "6 Models", "6 Models", "{49AED1F4-8906-4AEC-B795-9F424886F802}"
EndProject
Project("{FAE04EC0-301F-11D3-BF4B-00C04F79EFBC}") = "eShopServiceDefaults", "eShopServiceDefaults\eShopServiceDefaults.csproj", "{559D8A21-7CD5-4626-8C35-FD8BE60E9E39}"
EndProject
Project("{FAE04EC0-301F-11D3-BF4B-00C04F79EFBC}") = "eShopAppHost", "eShopAppHost\eShopAppHost.csproj", "{76E2A7E9-B2EB-47DC-9F0C-096C848ED693}"
EndProject
Project("{FAE04EC0-301F-11D3-BF4B-00C04F79EFBC}") = "VectorEntities", "VectorEntities\VectorEntities.csproj", "{79AC485A-9E33-4D5F-9F4B-C01448A26C04}"
EndProject
Project("{2150E333-8FDC-42A3-9474-1A3956D46DE8}") = "1 Aspire", "1 Aspire", "{02EA681E-C7D8-13C7-8484-4AC65E1B71E8}"
EndProject
Project("{2150E333-8FDC-42A3-9474-1A3956D46DE8}") = "3 Backend", "3 Backend", "{BBB277E9-B789-440E-88FF-FB9C7E04D82A}"
EndProject
Project("{FAE04EC0-301F-11D3-BF4B-00C04F79EFBC}") = "eShopMcpSseServer", "eShopMcpSseServer\eShopMcpSseServer.csproj", "{4F880BA4-7BD2-6FBA-1980-A45E27D5788D}"
EndProject
Project("{FAE04EC0-301F-11D3-BF4B-00C04F79EFBC}") = "McpToolsEntities", "McpToolsEntities\McpToolsEntities.csproj", "{68AFF91A-8727-4718-91D3-6802A3D1AE11}"
EndProject
Project("{FAE04EC0-301F-11D3-BF4B-00C04F79EFBC}") = "OnlineResearcher", "OnlineResearcher\OnlineResearcher.csproj", "{55ACC9AF-0879-87FB-6B3E-C52897712A9C}"
EndProject
Project("{2150E333-8FDC-42A3-9474-1A3956D46DE8}") = "2 FrontEnd", "2 FrontEnd", "{E7C3C024-5D3C-45FD-BCF3-EAC23A69EB2B}"
EndProject
Project("{2150E333-8FDC-42A3-9474-1A3956D46DE8}") = "4 AI Agents", "4 AI Agents", "{C3D968D2-11E8-4A3B-A89C-E9E1DEA82B56}"
EndProject
Project("{FAE04EC0-301F-11D3-BF4B-00C04F79EFBC}") = "WeatherAgent", "WeatherAgent\WeatherAgent.csproj", "{9CEFC040-5070-FF2D-F88A-5E9F8172BF6D}"
EndProject
Project("{2150E333-8FDC-42A3-9474-1A3956D46DE8}") = "5 Services", "5 Services", "{005B26BC-7F41-4BA1-AA6A-2F85CCF3FA5D}"
EndProject
Project("{FAE04EC0-301F-11D3-BF4B-00C04F79EFBC}") = "Services", "Services\Services.csproj", "{1578A6C6-3977-4850-AC6B-A9F718CC6C8E}"
EndProject
Project("{FAE04EC0-301F-11D3-BF4B-00C04F79EFBC}") = "ParkInformationAgent", "ParkInformationAgent\ParkInformationAgent.csproj", "{E5372260-D25E-E3B1-D552-77B821E06530}"
EndProject
Project("{2150E333-8FDC-42A3-9474-1A3956D46DE8}") = "Solution Items", "Solution Items", "{8EC462FD-D22E-90A8-E5CE-7E832BA40C5D}"
	ProjectSection(SolutionItems) = preProject
		.mcp.json = .mcp.json
	EndProjectSection
EndProject
Global
	GlobalSection(SolutionConfigurationPlatforms) = preSolution
		Debug|Any CPU = Debug|Any CPU
		Release|Any CPU = Release|Any CPU
	EndGlobalSection
	GlobalSection(ProjectConfigurationPlatforms) = postSolution
		{E42C986A-98CA-4FBC-9F9F-88F8C7CB1603}.Debug|Any CPU.ActiveCfg = Debug|Any CPU
		{E42C986A-98CA-4FBC-9F9F-88F8C7CB1603}.Debug|Any CPU.Build.0 = Debug|Any CPU
		{E42C986A-98CA-4FBC-9F9F-88F8C7CB1603}.Release|Any CPU.ActiveCfg = Release|Any CPU
		{E42C986A-98CA-4FBC-9F9F-88F8C7CB1603}.Release|Any CPU.Build.0 = Release|Any CPU
		{3366FB0E-CCF3-4620-924E-F2DA34BC00F8}.Debug|Any CPU.ActiveCfg = Debug|Any CPU
		{3366FB0E-CCF3-4620-924E-F2DA34BC00F8}.Debug|Any CPU.Build.0 = Debug|Any CPU
		{3366FB0E-CCF3-4620-924E-F2DA34BC00F8}.Release|Any CPU.ActiveCfg = Release|Any CPU
		{3366FB0E-CCF3-4620-924E-F2DA34BC00F8}.Release|Any CPU.Build.0 = Release|Any CPU
		{2E156904-6754-43F5-8B27-9B9D6479D9FC}.Debug|Any CPU.ActiveCfg = Debug|Any CPU
		{2E156904-6754-43F5-8B27-9B9D6479D9FC}.Debug|Any CPU.Build.0 = Debug|Any CPU
		{2E156904-6754-43F5-8B27-9B9D6479D9FC}.Release|Any CPU.ActiveCfg = Release|Any CPU
		{2E156904-6754-43F5-8B27-9B9D6479D9FC}.Release|Any CPU.Build.0 = Release|Any CPU
		{E36BFFF1-7E14-4F99-A92E-703FB1962523}.Debug|Any CPU.ActiveCfg = Debug|Any CPU
		{E36BFFF1-7E14-4F99-A92E-703FB1962523}.Debug|Any CPU.Build.0 = Debug|Any CPU
		{E36BFFF1-7E14-4F99-A92E-703FB1962523}.Release|Any CPU.ActiveCfg = Release|Any CPU
		{E36BFFF1-7E14-4F99-A92E-703FB1962523}.Release|Any CPU.Build.0 = Release|Any CPU
		{559D8A21-7CD5-4626-8C35-FD8BE60E9E39}.Debug|Any CPU.ActiveCfg = Debug|Any CPU
		{559D8A21-7CD5-4626-8C35-FD8BE60E9E39}.Debug|Any CPU.Build.0 = Debug|Any CPU
		{559D8A21-7CD5-4626-8C35-FD8BE60E9E39}.Release|Any CPU.ActiveCfg = Release|Any CPU
		{559D8A21-7CD5-4626-8C35-FD8BE60E9E39}.Release|Any CPU.Build.0 = Release|Any CPU
		{76E2A7E9-B2EB-47DC-9F0C-096C848ED693}.Debug|Any CPU.ActiveCfg = Debug|Any CPU
		{76E2A7E9-B2EB-47DC-9F0C-096C848ED693}.Debug|Any CPU.Build.0 = Debug|Any CPU
		{76E2A7E9-B2EB-47DC-9F0C-096C848ED693}.Release|Any CPU.ActiveCfg = Release|Any CPU
		{76E2A7E9-B2EB-47DC-9F0C-096C848ED693}.Release|Any CPU.Build.0 = Release|Any CPU
		{79AC485A-9E33-4D5F-9F4B-C01448A26C04}.Debug|Any CPU.ActiveCfg = Debug|Any CPU
		{79AC485A-9E33-4D5F-9F4B-C01448A26C04}.Debug|Any CPU.Build.0 = Debug|Any CPU
		{79AC485A-9E33-4D5F-9F4B-C01448A26C04}.Release|Any CPU.ActiveCfg = Release|Any CPU
		{79AC485A-9E33-4D5F-9F4B-C01448A26C04}.Release|Any CPU.Build.0 = Release|Any CPU
		{4F880BA4-7BD2-6FBA-1980-A45E27D5788D}.Debug|Any CPU.ActiveCfg = Debug|Any CPU
		{4F880BA4-7BD2-6FBA-1980-A45E27D5788D}.Debug|Any CPU.Build.0 = Debug|Any CPU
		{4F880BA4-7BD2-6FBA-1980-A45E27D5788D}.Release|Any CPU.ActiveCfg = Release|Any CPU
		{4F880BA4-7BD2-6FBA-1980-A45E27D5788D}.Release|Any CPU.Build.0 = Release|Any CPU
		{68AFF91A-8727-4718-91D3-6802A3D1AE11}.Debug|Any CPU.ActiveCfg = Debug|Any CPU
		{68AFF91A-8727-4718-91D3-6802A3D1AE11}.Debug|Any CPU.Build.0 = Debug|Any CPU
		{68AFF91A-8727-4718-91D3-6802A3D1AE11}.Release|Any CPU.ActiveCfg = Release|Any CPU
		{68AFF91A-8727-4718-91D3-6802A3D1AE11}.Release|Any CPU.Build.0 = Release|Any CPU
		{55ACC9AF-0879-87FB-6B3E-C52897712A9C}.Debug|Any CPU.ActiveCfg = Debug|Any CPU
		{55ACC9AF-0879-87FB-6B3E-C52897712A9C}.Debug|Any CPU.Build.0 = Debug|Any CPU
		{55ACC9AF-0879-87FB-6B3E-C52897712A9C}.Release|Any CPU.ActiveCfg = Release|Any CPU
		{55ACC9AF-0879-87FB-6B3E-C52897712A9C}.Release|Any CPU.Build.0 = Release|Any CPU
		{9CEFC040-5070-FF2D-F88A-5E9F8172BF6D}.Debug|Any CPU.ActiveCfg = Debug|Any CPU
		{9CEFC040-5070-FF2D-F88A-5E9F8172BF6D}.Debug|Any CPU.Build.0 = Debug|Any CPU
		{9CEFC040-5070-FF2D-F88A-5E9F8172BF6D}.Release|Any CPU.ActiveCfg = Release|Any CPU
		{9CEFC040-5070-FF2D-F88A-5E9F8172BF6D}.Release|Any CPU.Build.0 = Release|Any CPU
		{1578A6C6-3977-4850-AC6B-A9F718CC6C8E}.Debug|Any CPU.ActiveCfg = Debug|Any CPU
		{1578A6C6-3977-4850-AC6B-A9F718CC6C8E}.Debug|Any CPU.Build.0 = Debug|Any CPU
		{1578A6C6-3977-4850-AC6B-A9F718CC6C8E}.Release|Any CPU.ActiveCfg = Release|Any CPU
		{1578A6C6-3977-4850-AC6B-A9F718CC6C8E}.Release|Any CPU.Build.0 = Release|Any CPU
		{E5372260-D25E-E3B1-D552-77B821E06530}.Debug|Any CPU.ActiveCfg = Debug|Any CPU
		{E5372260-D25E-E3B1-D552-77B821E06530}.Debug|Any CPU.Build.0 = Debug|Any CPU
		{E5372260-D25E-E3B1-D552-77B821E06530}.Release|Any CPU.ActiveCfg = Release|Any CPU
		{E5372260-D25E-E3B1-D552-77B821E06530}.Release|Any CPU.Build.0 = Release|Any CPU
	EndGlobalSection
	GlobalSection(SolutionProperties) = preSolution
		HideSolutionNode = FALSE
	EndGlobalSection
	GlobalSection(NestedProjects) = preSolution
		{E42C986A-98CA-4FBC-9F9F-88F8C7CB1603} = {49AED1F4-8906-4AEC-B795-9F424886F802}
		{3366FB0E-CCF3-4620-924E-F2DA34BC00F8} = {BBB277E9-B789-440E-88FF-FB9C7E04D82A}
		{2E156904-6754-43F5-8B27-9B9D6479D9FC} = {E7C3C024-5D3C-45FD-BCF3-EAC23A69EB2B}
		{E36BFFF1-7E14-4F99-A92E-703FB1962523} = {49AED1F4-8906-4AEC-B795-9F424886F802}
		{559D8A21-7CD5-4626-8C35-FD8BE60E9E39} = {02EA681E-C7D8-13C7-8484-4AC65E1B71E8}
		{76E2A7E9-B2EB-47DC-9F0C-096C848ED693} = {02EA681E-C7D8-13C7-8484-4AC65E1B71E8}
		{79AC485A-9E33-4D5F-9F4B-C01448A26C04} = {49AED1F4-8906-4AEC-B795-9F424886F802}
		{4F880BA4-7BD2-6FBA-1980-A45E27D5788D} = {BBB277E9-B789-440E-88FF-FB9C7E04D82A}
		{68AFF91A-8727-4718-91D3-6802A3D1AE11} = {49AED1F4-8906-4AEC-B795-9F424886F802}
		{55ACC9AF-0879-87FB-6B3E-C52897712A9C} = {C3D968D2-11E8-4A3B-A89C-E9E1DEA82B56}
		{9CEFC040-5070-FF2D-F88A-5E9F8172BF6D} = {C3D968D2-11E8-4A3B-A89C-E9E1DEA82B56}
		{1578A6C6-3977-4850-AC6B-A9F718CC6C8E} = {005B26BC-7F41-4BA1-AA6A-2F85CCF3FA5D}
		{E5372260-D25E-E3B1-D552-77B821E06530} = {C3D968D2-11E8-4A3B-A89C-E9E1DEA82B56}
	EndGlobalSection
	GlobalSection(ExtensibilityGlobals) = postSolution
		SolutionGuid = {F9C7AE25-263B-4A02-9BC0-632370BB1004}
	EndGlobalSection
EndGlobal
